// !$*UTF8*$!
{
	archiveVersion = 1;
	classes = {
	};
	objectVersion = 77;
	objects = {

/* Begin PBXContainerItemProxy section */
		01A14AEE2DBA3AFD0060D8F6 /* PBXContainerItemProxy */ = {
			isa = PBXContainerItemProxy;
			containerPortal = 01A14AD82DBA3AFC0060D8F6 /* Project object */;
			proxyType = 1;
			remoteGlobalIDString = 01A14ADF2DBA3AFC0060D8F6;
			remoteInfo = MorsApp;
		};
		01A14AF82DBA3AFD0060D8F6 /* PBXContainerItemProxy */ = {
			isa = PBXContainerItemProxy;
			containerPortal = 01A14AD82DBA3AFC0060D8F6 /* Project object */;
			proxyType = 1;
			remoteGlobalIDString = 01A14ADF2DBA3AFC0060D8F6;
			remoteInfo = MorsApp;
		};
/* End PBXContainerItemProxy section */

/* Begin PBXFileReference section */
		01A14AE02DBA3AFC0060D8F6 /* MorsApp.app */ = {isa = PBXFileReference; explicitFileType = wrapper.application; includeInIndex = 0; path = MorsApp.app; sourceTree = BUILT_PRODUCTS_DIR; };
		01A14AED2DBA3AFD0060D8F6 /* MorsAppTests.xctest */ = {isa = PBXFileReference; explicitFileType = wrapper.cfbundle; includeInIndex = 0; path = MorsAppTests.xctest; sourceTree = BUILT_PRODUCTS_DIR; };
		01A14AF72DBA3AFD0060D8F6 /* MorsAppUITests.xctest */ = {isa = PBXFileReference; explicitFileType = wrapper.cfbundle; includeInIndex = 0; path = MorsAppUITests.xctest; sourceTree = BUILT_PRODUCTS_DIR; };
/* End PBXFileReference section */

/* Begin PBXFileSystemSynchronizedRootGroup section */
		01A14AE22DBA3AFC0060D8F6 /* MorsApp */ = {
			isa = PBXFileSystemSynchronizedRootGroup;
			path = MorsApp;
			sourceTree = "<group>";
		};
		01A14AF02DBA3AFD0060D8F6 /* MorsAppTests */ = {
			isa = PBXFileSystemSynchronizedRootGroup;
			path = MorsAppTests;
			sourceTree = "<group>";
		};
		01A14AFA2DBA3AFD0060D8F6 /* MorsAppUITests */ = {
			isa = PBXFileSystemSynchronizedRootGroup;
			path = MorsAppUITests;
			sourceTree = "<group>";
		};
/* End PBXFileSystemSynchronizedRootGroup section */

/* Begin PBXFrameworksBuildPhase section */
		01A14ADD2DBA3AFC0060D8F6 /* Frameworks */ = {
			isa = PBXFrameworksBuildPhase;
			buildActionMask = 2147483647;
			files = (
			);
			runOnlyForDeploymentPostprocessing = 0;
		};
		01A14AEA2DBA3AFD0060D8F6 /* Frameworks */ = {
			isa = PBXFrameworksBuildPhase;
			buildActionMask = 2147483647;
			files = (
			);
			runOnlyForDeploymentPostprocessing = 0;
		};
		01A14AF42DBA3AFD0060D8F6 /* Frameworks */ = {
			isa = PBXFrameworksBuildPhase;
			buildActionMask = 2147483647;
			files = (
			);
			runOnlyForDeploymentPostprocessing = 0;
		};
/* End PBXFrameworksBuildPhase section */

/* Begin PBXGroup section */
		01A14AD72DBA3AFC0060D8F6 = {
			isa = PBXGroup;
			children = (
				01A14AE22DBA3AFC0060D8F6 /* MorsApp */,
				01A14AF02DBA3AFD0060D8F6 /* MorsAppTests */,
				01A14AFA2DBA3AFD0060D8F6 /* MorsAppUITests */,
				01A14AE12DBA3AFC0060D8F6 /* Products */,
			);
			sourceTree = "<group>";
		};
		01A14AE12DBA3AFC0060D8F6 /* Products */ = {
			isa = PBXGroup;
			children = (
				01A14AE02DBA3AFC0060D8F6 /* MorsApp.app */,
				01A14AED2DBA3AFD0060D8F6 /* MorsAppTests.xctest */,
				01A14AF72DBA3AFD0060D8F6 /* MorsAppUITests.xctest */,
			);
			name = Products;
			sourceTree = "<group>";
		};
/* End PBXGroup section */

/* Begin PBXNativeTarget section */
		01A14ADF2DBA3AFC0060D8F6 /* MorsApp */ = {
			isa = PBXNativeTarget;
			buildConfigurationList = 01A14B012DBA3AFD0060D8F6 /* Build configuration list for PBXNativeTarget "MorsApp" */;
			buildPhases = (
				01A14ADC2DBA3AFC0060D8F6 /* Sources */,
				01A14ADD2DBA3AFC0060D8F6 /* Frameworks */,
				01A14ADE2DBA3AFC0060D8F6 /* Resources */,
			);
			buildRules = (
			);
			dependencies = (
			);
			fileSystemSynchronizedGroups = (
				01A14AE22DBA3AFC0060D8F6 /* MorsApp */,
			);
			name = MorsApp;
			packageProductDependencies = (
			);
			productName = MorsApp;
			productReference = 01A14AE02DBA3AFC0060D8F6 /* MorsApp.app */;
			productType = "com.apple.product-type.application";
		};
		01A14AEC2DBA3AFD0060D8F6 /* MorsAppTests */ = {
			isa = PBXNativeTarget;
			buildConfigurationList = 01A14B042DBA3AFD0060D8F6 /* Build configuration list for PBXNativeTarget "MorsAppTests" */;
			buildPhases = (
				01A14AE92DBA3AFD0060D8F6 /* Sources */,
				01A14AEA2DBA3AFD0060D8F6 /* Frameworks */,
				01A14AEB2DBA3AFD0060D8F6 /* Resources */,
			);
			buildRules = (
			);
			dependencies = (
				01A14AEF2DBA3AFD0060D8F6 /* PBXTargetDependency */,
			);
			fileSystemSynchronizedGroups = (
				01A14AF02DBA3AFD0060D8F6 /* MorsAppTests */,
			);
			name = MorsAppTests;
			packageProductDependencies = (
			);
			productName = MorsAppTests;
			productReference = 01A14AED2DBA3AFD0060D8F6 /* MorsAppTests.xctest */;
			productType = "com.apple.product-type.bundle.unit-test";
		};
		01A14AF62DBA3AFD0060D8F6 /* MorsAppUITests */ = {
			isa = PBXNativeTarget;
			buildConfigurationList = 01A14B072DBA3AFD0060D8F6 /* Build configuration list for PBXNativeTarget "MorsAppUITests" */;
			buildPhases = (
				01A14AF32DBA3AFD0060D8F6 /* Sources */,
				01A14AF42DBA3AFD0060D8F6 /* Frameworks */,
				01A14AF52DBA3AFD0060D8F6 /* Resources */,
			);
			buildRules = (
			);
			dependencies = (
				01A14AF92DBA3AFD0060D8F6 /* PBXTargetDependency */,
			);
			fileSystemSynchronizedGroups = (
				01A14AFA2DBA3AFD0060D8F6 /* MorsAppUITests */,
			);
			name = MorsAppUITests;
			packageProductDependencies = (
			);
			productName = MorsAppUITests;
			productReference = 01A14AF72DBA3AFD0060D8F6 /* MorsAppUITests.xctest */;
			productType = "com.apple.product-type.bundle.ui-testing";
		};
/* End PBXNativeTarget section */

/* Begin PBXProject section */
		01A14AD82DBA3AFC0060D8F6 /* Project object */ = {
			isa = PBXProject;
			attributes = {
				BuildIndependentTargetsInParallel = 1;
				LastSwiftUpdateCheck = 1630;
				LastUpgradeCheck = 1630;
				TargetAttributes = {
					01A14ADF2DBA3AFC0060D8F6 = {
						CreatedOnToolsVersion = 16.3;
					};
					01A14AEC2DBA3AFD0060D8F6 = {
						CreatedOnToolsVersion = 16.3;
						TestTargetID = 01A14ADF2DBA3AFC0060D8F6;
					};
					01A14AF62DBA3AFD0060D8F6 = {
						CreatedOnToolsVersion = 16.3;
						TestTargetID = 01A14ADF2DBA3AFC0060D8F6;
					};
				};
			};
			buildConfigurationList = 01A14ADB2DBA3AFC0060D8F6 /* Build configuration list for PBXProject "MorsApp" */;
			developmentRegion = en;
			hasScannedForEncodings = 0;
			knownRegions = (
				en,
				Base,
			);
			mainGroup = 01A14AD72DBA3AFC0060D8F6;
			minimizedProjectReferenceProxies = 1;
			preferredProjectObjectVersion = 77;
			productRefGroup = 01A14AE12DBA3AFC0060D8F6 /* Products */;
			projectDirPath = "";
			projectRoot = "";
			targets = (
				01A14ADF2DBA3AFC0060D8F6 /* MorsApp */,
				01A14AEC2DBA3AFD0060D8F6 /* MorsAppTests */,
				01A14AF62DBA3AFD0060D8F6 /* MorsAppUITests */,
			);
		};
/* End PBXProject section */

/* Begin PBXResourcesBuildPhase section */
		01A14ADE2DBA3AFC0060D8F6 /* Resources */ = {
			isa = PBXResourcesBuildPhase;
			buildActionMask = 2147483647;
			files = (
			);
			runOnlyForDeploymentPostprocessing = 0;
		};
		01A14AEB2DBA3AFD0060D8F6 /* Resources */ = {
			isa = PBXResourcesBuildPhase;
			buildActionMask = 2147483647;
			files = (
			);
			runOnlyForDeploymentPostprocessing = 0;
		};
		01A14AF52DBA3AFD0060D8F6 /* Resources */ = {
			isa = PBXResourcesBuildPhase;
			buildActionMask = 2147483647;
			files = (
			);
			runOnlyForDeploymentPostprocessing = 0;
		};
/* End PBXResourcesBuildPhase section */

/* Begin PBXSourcesBuildPhase section */
		01A14ADC2DBA3AFC0060D8F6 /* Sources */ = {
			isa = PBXSourcesBuildPhase;
			buildActionMask = 2147483647;
			files = (
			);
			runOnlyForDeploymentPostprocessing = 0;
		};
		01A14AE92DBA3AFD0060D8F6 /* Sources */ = {
			isa = PBXSourcesBuildPhase;
			buildActionMask = 2147483647;
			files = (
			);
			runOnlyForDeploymentPostprocessing = 0;
		};
		01A14AF32DBA3AFD0060D8F6 /* Sources */ = {
			isa = PBXSourcesBuildPhase;
			buildActionMask = 2147483647;
			files = (
			);
			runOnlyForDeploymentPostprocessing = 0;
		};
/* End PBXSourcesBuildPhase section */

/* Begin PBXTargetDependency section */
		01A14AEF2DBA3AFD0060D8F6 /* PBXTargetDependency */ = {
			isa = PBXTargetDependency;
			target = 01A14ADF2DBA3AFC0060D8F6 /* MorsApp */;
			targetProxy = 01A14AEE2DBA3AFD0060D8F6 /* PBXContainerItemProxy */;
		};
		01A14AF92DBA3AFD0060D8F6 /* PBXTargetDependency */ = {
			isa = PBXTargetDependency;
			target = 01A14ADF2DBA3AFC0060D8F6 /* MorsApp */;
			targetProxy = 01A14AF82DBA3AFD0060D8F6 /* PBXContainerItemProxy */;
		};
/* End PBXTargetDependency section */

/* Begin XCBuildConfiguration section */
		01A14AFF2DBA3AFD0060D8F6 /* Debug */ = {
			isa = XCBuildConfiguration;
			buildSettings = {
				ALWAYS_SEARCH_USER_PATHS = NO;
				ASSETCATALOG_COMPILER_GENERATE_SWIFT_ASSET_SYMBOL_EXTENSIONS = YES;
				CLANG_ANALYZER_NONNULL = YES;
				CLANG_ANALYZER_NUMBER_OBJECT_CONVERSION = YES_AGGRESSIVE;
				CLANG_CXX_LANGUAGE_STANDARD = "gnu++20";
				CLANG_ENABLE_MODULES = YES;
				CLANG_ENABLE_OBJC_ARC = YES;
				CLANG_ENABLE_OBJC_WEAK = YES;
				CLANG_WARN_BLOCK_CAPTURE_AUTORELEASING = YES;
				CLANG_WARN_BOOL_CONVERSION = YES;
				CLANG_WARN_COMMA = YES;
				CLANG_WARN_CONSTANT_CONVERSION = YES;
				CLANG_WARN_DEPRECATED_OBJC_IMPLEMENTATIONS = YES;
				CLANG_WARN_DIRECT_OBJC_ISA_USAGE = YES_ERROR;
				CLANG_WARN_DOCUMENTATION_COMMENTS = YES;
				CLANG_WARN_EMPTY_BODY = YES;
				CLANG_WARN_ENUM_CONVERSION = YES;
				CLANG_WARN_INFINITE_RECURSION = YES;
				CLANG_WARN_INT_CONVERSION = YES;
				CLANG_WARN_NON_LITERAL_NULL_CONVERSION = YES;
				CLANG_WARN_OBJC_IMPLICIT_RETAIN_SELF = YES;
				CLANG_WARN_OBJC_LITERAL_CONVERSION = YES;
				CLANG_WARN_OBJC_ROOT_CLASS = YES_ERROR;
				CLANG_WARN_QUOTED_INCLUDE_IN_FRAMEWORK_HEADER = YES;
				CLANG_WARN_RANGE_LOOP_ANALYSIS = YES;
				CLANG_WARN_STRICT_PROTOTYPES = YES;
				CLANG_WARN_SUSPICIOUS_MOVE = YES;
				CLANG_WARN_UNGUARDED_AVAILABILITY = YES_AGGRESSIVE;
				CLANG_WARN_UNREACHABLE_CODE = YES;
				CLANG_WARN__DUPLICATE_METHOD_MATCH = YES;
				COPY_PHASE_STRIP = NO;
				DEBUG_INFORMATION_FORMAT = dwarf;
				DEVELOPMENT_TEAM = 4NS2TJD78S;
				ENABLE_STRICT_OBJC_MSGSEND = YES;
				ENABLE_TESTABILITY = YES;
				ENABLE_USER_SCRIPT_SANDBOXING = YES;
				GCC_C_LANGUAGE_STANDARD = gnu17;
				GCC_DYNAMIC_NO_PIC = NO;
				GCC_NO_COMMON_BLOCKS = YES;
				GCC_OPTIMIZATION_LEVEL = 0;
				GCC_PREPROCESSOR_DEFINITIONS = (
					"DEBUG=1",
					"$(inherited)",
				);
				GCC_WARN_64_TO_32_BIT_CONVERSION = YES;
				GCC_WARN_ABOUT_RETURN_TYPE = YES_ERROR;
				GCC_WARN_UNDECLARED_SELECTOR = YES;
				GCC_WARN_UNINITIALIZED_AUTOS = YES_AGGRESSIVE;
				GCC_WARN_UNUSED_FUNCTION = YES;
				GCC_WARN_UNUSED_VARIABLE = YES;
				IPHONEOS_DEPLOYMENT_TARGET = 18.4;
				LOCALIZATION_PREFERS_STRING_CATALOGS = YES;
				MTL_ENABLE_DEBUG_INFO = INCLUDE_SOURCE;
				MTL_FAST_MATH = YES;
				ONLY_ACTIVE_ARCH = YES;
				SDKROOT = iphoneos;
				SWIFT_ACTIVE_COMPILATION_CONDITIONS = "DEBUG $(inherited)";
				SWIFT_OPTIMIZATION_LEVEL = "-Onone";
			};
			name = Debug;
		};
		01A14B002DBA3AFD0060D8F6 /* Release */ = {
			isa = XCBuildConfiguration;
			buildSettings = {
				ALWAYS_SEARCH_USER_PATHS = NO;
				ASSETCATALOG_COMPILER_GENERATE_SWIFT_ASSET_SYMBOL_EXTENSIONS = YES;
				CLANG_ANALYZER_NONNULL = YES;
				CLANG_ANALYZER_NUMBER_OBJECT_CONVERSION = YES_AGGRESSIVE;
				CLANG_CXX_LANGUAGE_STANDARD = "gnu++20";
				CLANG_ENABLE_MODULES = YES;
				CLANG_ENABLE_OBJC_ARC = YES;
				CLANG_ENABLE_OBJC_WEAK = YES;
				CLANG_WARN_BLOCK_CAPTURE_AUTORELEASING = YES;
				CLANG_WARN_BOOL_CONVERSION = YES;
				CLANG_WARN_COMMA = YES;
				CLANG_WARN_CONSTANT_CONVERSION = YES;
				CLANG_WARN_DEPRECATED_OBJC_IMPLEMENTATIONS = YES;
				CLANG_WARN_DIRECT_OBJC_ISA_USAGE = YES_ERROR;
				CLANG_WARN_DOCUMENTATION_COMMENTS = YES;
				CLANG_WARN_EMPTY_BODY = YES;
				CLANG_WARN_ENUM_CONVERSION = YES;
				CLANG_WARN_INFINITE_RECURSION = YES;
				CLANG_WARN_INT_CONVERSION = YES;
				CLANG_WARN_NON_LITERAL_NULL_CONVERSION = YES;
				CLANG_WARN_OBJC_IMPLICIT_RETAIN_SELF = YES;
				CLANG_WARN_OBJC_LITERAL_CONVERSION = YES;
				CLANG_WARN_OBJC_ROOT_CLASS = YES_ERROR;
				CLANG_WARN_QUOTED_INCLUDE_IN_FRAMEWORK_HEADER = YES;
				CLANG_WARN_RANGE_LOOP_ANALYSIS = YES;
				CLANG_WARN_STRICT_PROTOTYPES = YES;
				CLANG_WARN_SUSPICIOUS_MOVE = YES;
				CLANG_WARN_UNGUARDED_AVAILABILITY = YES_AGGRESSIVE;
				CLANG_WARN_UNREACHABLE_CODE = YES;
				CLANG_WARN__DUPLICATE_METHOD_MATCH = YES;
				COPY_PHASE_STRIP = NO;
				DEBUG_INFORMATION_FORMAT = "dwarf-with-dsym";
				DEVELOPMENT_TEAM = 4NS2TJD78S;
				ENABLE_NS_ASSERTIONS = NO;
				ENABLE_STRICT_OBJC_MSGSEND = YES;
				ENABLE_USER_SCRIPT_SANDBOXING = YES;
				GCC_C_LANGUAGE_STANDARD = gnu17;
				GCC_NO_COMMON_BLOCKS = YES;
				GCC_WARN_64_TO_32_BIT_CONVERSION = YES;
				GCC_WARN_ABOUT_RETURN_TYPE = YES_ERROR;
				GCC_WARN_UNDECLARED_SELECTOR = YES;
				GCC_WARN_UNINITIALIZED_AUTOS = YES_AGGRESSIVE;
				GCC_WARN_UNUSED_FUNCTION = YES;
				GCC_WARN_UNUSED_VARIABLE = YES;
				IPHONEOS_DEPLOYMENT_TARGET = 18.4;
				LOCALIZATION_PREFERS_STRING_CATALOGS = YES;
				MTL_ENABLE_DEBUG_INFO = NO;
				MTL_FAST_MATH = YES;
				SDKROOT = iphoneos;
				SWIFT_COMPILATION_MODE = wholemodule;
				VALIDATE_PRODUCT = YES;
			};
			name = Release;
		};
		01A14B022DBA3AFD0060D8F6 /* Debug */ = {
			isa = XCBuildConfiguration;
			buildSettings = {
				ASSETCATALOG_COMPILER_APPICON_NAME = AppIcon;
				ASSETCATALOG_COMPILER_GLOBAL_ACCENT_COLOR_NAME = AccentColor;
				CODE_SIGN_STYLE = Automatic;
				CURRENT_PROJECT_VERSION = 1;
				DEVELOPMENT_TEAM = 4NS2TJD78S;
				ENABLE_PREVIEWS = YES;
				GENERATE_INFOPLIST_FILE = YES;
				INFOPLIST_KEY_UIApplicationSceneManifest_Generation = YES;
				INFOPLIST_KEY_UIApplicationSupportsIndirectInputEvents = YES;
				INFOPLIST_KEY_UILaunchScreen_Generation = YES;
				INFOPLIST_KEY_UISupportedInterfaceOrientations_iPad = "UIInterfaceOrientationPortrait UIInterfaceOrientationPortraitUpsideDown UIInterfaceOrientationLandscapeLeft UIInterfaceOrientationLandscapeRight";
				INFOPLIST_KEY_UISupportedInterfaceOrientations_iPhone = "UIInterfaceOrientationPortrait UIInterfaceOrientationLandscapeLeft UIInterfaceOrientationLandscapeRight";
				LD_RUNPATH_SEARCH_PATHS = (
					"$(inherited)",
					"@executable_path/Frameworks",
				);
				MARKETING_VERSION = 1.0;
				PRODUCT_BUNDLE_IDENTIFIER = com.MorsApp.MorsApp;
				PRODUCT_NAME = "$(TARGET_NAME)";
				SWIFT_EMIT_LOC_STRINGS = YES;
				SWIFT_VERSION = 5.0;
				TARGETED_DEVICE_FAMILY = "1,2";
			};
			name = Debug;
		};
		01A14B032DBA3AFD0060D8F6 /* Release */ = {
			isa = XCBuildConfiguration;
			buildSettings = {
				ASSETCATALOG_COMPILER_APPICON_NAME = AppIcon;
				ASSETCATALOG_COMPILER_GLOBAL_ACCENT_COLOR_NAME = AccentColor;
				CODE_SIGN_STYLE = Automatic;
				CURRENT_PROJECT_VERSION = 1;
				DEVELOPMENT_TEAM = 4NS2TJD78S;
				ENABLE_PREVIEWS = YES;
				GENERATE_INFOPLIST_FILE = YES;
				INFOPLIST_KEY_UIApplicationSceneManifest_Generation = YES;
				INFOPLIST_KEY_UIApplicationSupportsIndirectInputEvents = YES;
				INFOPLIST_KEY_UILaunchScreen_Generation = YES;
				INFOPLIST_KEY_UISupportedInterfaceOrientations_iPad = "UIInterfaceOrientationPortrait UIInterfaceOrientationPortraitUpsideDown UIInterfaceOrientationLandscapeLeft UIInterfaceOrientationLandscapeRight";
				INFOPLIST_KEY_UISupportedInterfaceOrientations_iPhone = "UIInterfaceOrientationPortrait UIInterfaceOrientationLandscapeLeft UIInterfaceOrientationLandscapeRight";
				LD_RUNPATH_SEARCH_PATHS = (
					"$(inherited)",
					"@executable_path/Frameworks",
				);
				MARKETING_VERSION = 1.0;
				PRODUCT_BUNDLE_IDENTIFIER = com.MorsApp.MorsApp;
				PRODUCT_NAME = "$(TARGET_NAME)";
				SWIFT_EMIT_LOC_STRINGS = YES;
				SWIFT_VERSION = 5.0;
				TARGETED_DEVICE_FAMILY = "1,2";
			};
			name = Release;
		};
		01A14B052DBA3AFD0060D8F6 /* Debug */ = {
			isa = XCBuildConfiguration;
			buildSettings = {
				BUNDLE_LOADER = "$(TEST_HOST)";
				CODE_SIGN_STYLE = Automatic;
				CURRENT_PROJECT_VERSION = 1;
				DEVELOPMENT_TEAM = 4NS2TJD78S;
				GENERATE_INFOPLIST_FILE = YES;
				IPHONEOS_DEPLOYMENT_TARGET = 18.4;
				MARKETING_VERSION = 1.0;
				PRODUCT_BUNDLE_IDENTIFIER = com.MorsApp.MorsAppTests;
				PRODUCT_NAME = "$(TARGET_NAME)";
				SWIFT_EMIT_LOC_STRINGS = NO;
				SWIFT_VERSION = 5.0;
				TARGETED_DEVICE_FAMILY = "1,2";
				TEST_HOST = "$(BUILT_PRODUCTS_DIR)/MorsApp.app/$(BUNDLE_EXECUTABLE_FOLDER_PATH)/MorsApp";
			};
			name = Debug;
		};
		01A14B062DBA3AFD0060D8F6 /* Release */ = {
			isa = XCBuildConfiguration;
			buildSettings = {
				BUNDLE_LOADER = "$(TEST_HOST)";
				CODE_SIGN_STYLE = Automatic;
				CURRENT_PROJECT_VERSION = 1;
				DEVELOPMENT_TEAM = 4NS2TJD78S;
				GENERATE_INFOPLIST_FILE = YES;
				IPHONEOS_DEPLOYMENT_TARGET = 18.4;
				MARKETING_VERSION = 1.0;
				PRODUCT_BUNDLE_IDENTIFIER = com.MorsApp.MorsAppTests;
				PRODUCT_NAME = "$(TARGET_NAME)";
				SWIFT_EMIT_LOC_STRINGS = NO;
				SWIFT_VERSION = 5.0;
				TARGETED_DEVICE_FAMILY = "1,2";
				TEST_HOST = "$(BUILT_PRODUCTS_DIR)/MorsApp.app/$(BUNDLE_EXECUTABLE_FOLDER_PATH)/MorsApp";
			};
			name = Release;
		};
		01A14B082DBA3AFD0060D8F6 /* Debug */ = {
			isa = XCBuildConfiguration;
			buildSettings = {
				CODE_SIGN_STYLE = Automatic;
				CURRENT_PROJECT_VERSION = 1;
				DEVELOPMENT_TEAM = 4NS2TJD78S;
				GENERATE_INFOPLIST_FILE = YES;
				MARKETING_VERSION = 1.0;
				PRODUCT_BUNDLE_IDENTIFIER = com.MorsApp.MorsAppUITests;
				PRODUCT_NAME = "$(TARGET_NAME)";
				SWIFT_EMIT_LOC_STRINGS = NO;
				SWIFT_VERSION = 5.0;
				TARGETED_DEVICE_FAMILY = "1,2";
				TEST_TARGET_NAME = MorsApp;
			};
			name = Debug;
		};
		01A14B092DBA3AFD0060D8F6 /* Release */ = {
			isa = XCBuildConfiguration;
			buildSettings = {
				CODE_SIGN_STYLE = Automatic;
				CURRENT_PROJECT_VERSION = 1;
				DEVELOPMENT_TEAM = 4NS2TJD78S;
				GENERATE_INFOPLIST_FILE = YES;
				MARKETING_VERSION = 1.0;
				PRODUCT_BUNDLE_IDENTIFIER = com.MorsApp.MorsAppUITests;
				PRODUCT_NAME = "$(TARGET_NAME)";
				SWIFT_EMIT_LOC_STRINGS = NO;
				SWIFT_VERSION = 5.0;
				TARGETED_DEVICE_FAMILY = "1,2";
				TEST_TARGET_NAME = MorsApp;
			};
			name = Release;
		};
/* End XCBuildConfiguration section */

/* Begin XCConfigurationList section */
		01A14ADB2DBA3AFC0060D8F6 /* Build configuration list for PBXProject "MorsApp" */ = {
			isa = XCConfigurationList;
			buildConfigurations = (
				01A14AFF2DBA3AFD0060D8F6 /* Debug */,
				01A14B002DBA3AFD0060D8F6 /* Release */,
			);
			defaultConfigurationIsVisible = 0;
			defaultConfigurationName = Release;
		};
		01A14B012DBA3AFD0060D8F6 /* Build configuration list for PBXNativeTarget "MorsApp" */ = {
			isa = XCConfigurationList;
			buildConfigurations = (
				01A14B022DBA3AFD0060D8F6 /* Debug */,
				01A14B032DBA3AFD0060D8F6 /* Release */,
			);
			defaultConfigurationIsVisible = 0;
			defaultConfigurationName = Release;
		};
		01A14B042DBA3AFD0060D8F6 /* Build configuration list for PBXNativeTarget "MorsAppTests" */ = {
			isa = XCConfigurationList;
			buildConfigurations = (
				01A14B052DBA3AFD0060D8F6 /* Debug */,
				01A14B062DBA3AFD0060D8F6 /* Release */,
			);
			defaultConfigurationIsVisible = 0;
			defaultConfigurationName = Release;
		};
		01A14B072DBA3AFD0060D8F6 /* Build configuration list for PBXNativeTarget "MorsAppUITests" */ = {
			isa = XCConfigurationList;
			buildConfigurations = (
				01A14B082DBA3AFD0060D8F6 /* Debug */,
				01A14B092DBA3AFD0060D8F6 /* Release */,
			);
			defaultConfigurationIsVisible = 0;
			defaultConfigurationName = Release;
		};
/* End XCConfigurationList section */
	};
	rootObject = 01A14AD82DBA3AFC0060D8F6 /* Project object */;
}
